
Microsoft Visual Studio Solution File, Format Version 12.00
# Visual Studio Version 16
VisualStudioVersion = 16.0.31729.503
MinimumVisualStudioVersion = 10.0.40219.1
Project("{FAE04EC0-301F-11D3-BF4B-00C04F79EFBC}") = "Shared", "Shared\Shared.csproj", "{2A1164C1-8EB6-4500-8C2E-517FAF00D148}"
EndProject
Project("{FAE04EC0-301F-11D3-BF4B-00C04F79EFBC}") = "ForecasterAPI", "ForecasterAPI\ForecasterAPI.csproj", "{64C7E5C0-1EA1-4731-B29C-E6A8BB7891DD}"
EndProject
Project("{FAE04EC0-301F-11D3-BF4B-00C04F79EFBC}") = "ForecasterCLI", "ForecasterCLI\ForecasterCLI.csproj", "{ECD73F99-0396-4539-862E-C0298425ED33}"
EndProject
Project("{FAE04EC0-301F-11D3-BF4B-00C04F79EFBC}") = "ForecasterGUI", "ForecasterGUI\ForecasterGUI.csproj", "{55365332-C997-4CC1-9D1D-949B8877A92F}"
EndProject
Global
	GlobalSection(SolutionConfigurationPlatforms) = preSolution
		Debug|Any CPU = Debug|Any CPU
		Release|Any CPU = Release|Any CPU
	EndGlobalSection
	GlobalSection(ProjectConfigurationPlatforms) = postSolution
		{2A1164C1-8EB6-4500-8C2E-517FAF00D148}.Debug|Any CPU.ActiveCfg = Debug|Any CPU
		{2A1164C1-8EB6-4500-8C2E-517FAF00D148}.Debug|Any CPU.Build.0 = Debug|Any CPU
		{2A1164C1-8EB6-4500-8C2E-517FAF00D148}.Release|Any CPU.ActiveCfg = Release|Any CPU
		{2A1164C1-8EB6-4500-8C2E-517FAF00D148}.Release|Any CPU.Build.0 = Release|Any CPU
		{64C7E5C0-1EA1-4731-B29C-E6A8BB7891DD}.Debug|Any CPU.ActiveCfg = Debug|Any CPU
		{64C7E5C0-1EA1-4731-B29C-E6A8BB7891DD}.Debug|Any CPU.Build.0 = Debug|Any CPU
		{64C7E5C0-1EA1-4731-B29C-E6A8BB7891DD}.Release|Any CPU.ActiveCfg = Release|Any CPU
		{64C7E5C0-1EA1-4731-B29C-E6A8BB7891DD}.Release|Any CPU.Build.0 = Release|Any CPU
		{ECD73F99-0396-4539-862E-C0298425ED33}.Debug|Any CPU.ActiveCfg = Debug|Any CPU
		{ECD73F99-0396-4539-862E-C0298425ED33}.Debug|Any CPU.Build.0 = Debug|Any CPU
		{ECD73F99-0396-4539-862E-C0298425ED33}.Release|Any CPU.ActiveCfg = Release|Any CPU
		{ECD73F99-0396-4539-862E-C0298425ED33}.Release|Any CPU.Build.0 = Release|Any CPU
		{55365332-C997-4CC1-9D1D-949B8877A92F}.Debug|Any CPU.ActiveCfg = Debug|Any CPU
		{55365332-C997-4CC1-9D1D-949B8877A92F}.Debug|Any CPU.Build.0 = Debug|Any CPU
		{55365332-C997-4CC1-9D1D-949B8877A92F}.Release|Any CPU.ActiveCfg = Release|Any CPU
		{55365332-C997-4CC1-9D1D-949B8877A92F}.Release|Any CPU.Build.0 = Release|Any CPU
	EndGlobalSection
	GlobalSection(SolutionProperties) = preSolution
		HideSolutionNode = FALSE
	EndGlobalSection
	GlobalSection(ExtensibilityGlobals) = postSolution
		SolutionGuid = {B7EB7EF7-32F9-4306-83A0-C12BC1586201}
	EndGlobalSection
EndGlobal
